// !$*UTF8*$!
{
	archiveVersion = 1;
	classes = {
	};
	objectVersion = 50;
	objects = {

/* Begin PBXBuildFile section */
		554D9C6F235B390D00492432 /* AppDelegate.swift in Sources */ = {isa = PBXBuildFile; fileRef = 554D9C6E235B390D00492432 /* AppDelegate.swift */; };
		554D9C71235B390D00492432 /* SceneDelegate.swift in Sources */ = {isa = PBXBuildFile; fileRef = 554D9C70235B390D00492432 /* SceneDelegate.swift */; };
		554D9C74235B390D00492432 /* _0657131hww2.xcdatamodeld in Sources */ = {isa = PBXBuildFile; fileRef = 554D9C72235B390D00492432 /* _0657131hww2.xcdatamodeld */; };
		554D9C76235B390D00492432 /* ContentView.swift in Sources */ = {isa = PBXBuildFile; fileRef = 554D9C75235B390D00492432 /* ContentView.swift */; };
		554D9C78235B391200492432 /* Assets.xcassets in Resources */ = {isa = PBXBuildFile; fileRef = 554D9C77235B391200492432 /* Assets.xcassets */; };
		554D9C7B235B391200492432 /* Preview Assets.xcassets in Resources */ = {isa = PBXBuildFile; fileRef = 554D9C7A235B391200492432 /* Preview Assets.xcassets */; };
		554D9C7E235B391200492432 /* LaunchScreen.storyboard in Resources */ = {isa = PBXBuildFile; fileRef = 554D9C7C235B391200492432 /* LaunchScreen.storyboard */; };
/* End PBXBuildFile section */

/* Begin PBXFileReference section */
		554D9C6B235B390D00492432 /* 00657131hww2.app */ = {isa = PBXFileReference; explicitFileType = wrapper.application; includeInIndex = 0; path = 00657131hww2.app; sourceTree = BUILT_PRODUCTS_DIR; };
		554D9C6E235B390D00492432 /* AppDelegate.swift */ = {isa = PBXFileReference; lastKnownFileType = sourcecode.swift; path = AppDelegate.swift; sourceTree = "<group>"; };
		554D9C70235B390D00492432 /* SceneDelegate.swift */ = {isa = PBXFileReference; lastKnownFileType = sourcecode.swift; path = SceneDelegate.swift; sourceTree = "<group>"; };
		554D9C73235B390D00492432 /* _0657131hww2.xcdatamodel */ = {isa = PBXFileReference; lastKnownFileType = wrapper.xcdatamodel; path = _0657131hww2.xcdatamodel; sourceTree = "<group>"; };
		554D9C75235B390D00492432 /* ContentView.swift */ = {isa = PBXFileReference; lastKnownFileType = sourcecode.swift; path = ContentView.swift; sourceTree = "<group>"; };
		554D9C77235B391200492432 /* Assets.xcassets */ = {isa = PBXFileReference; lastKnownFileType = folder.assetcatalog; path = Assets.xcassets; sourceTree = "<group>"; };
		554D9C7A235B391200492432 /* Preview Assets.xcassets */ = {isa = PBXFileReference; lastKnownFileType = folder.assetcatalog; path = "Preview Assets.xcassets"; sourceTree = "<group>"; };
		554D9C7D235B391200492432 /* Base */ = {isa = PBXFileReference; lastKnownFileType = file.storyboard; name = Base; path = Base.lproj/LaunchScreen.storyboard; sourceTree = "<group>"; };
		554D9C7F235B391200492432 /* Info.plist */ = {isa = PBXFileReference; lastKnownFileType = text.plist.xml; path = Info.plist; sourceTree = "<group>"; };
/* End PBXFileReference section */

/* Begin PBXFrameworksBuildPhase section */
		554D9C68235B390D00492432 /* Frameworks */ = {
			isa = PBXFrameworksBuildPhase;
			buildActionMask = 2147483647;
			files = (
			);
			runOnlyForDeploymentPostprocessing = 0;
		};
/* End PBXFrameworksBuildPhase section */

/* Begin PBXGroup section */
		554D9C62235B390D00492432 = {
			isa = PBXGroup;
			children = (
				554D9C6D235B390D00492432 /* 00657131hww2 */,
				554D9C6C235B390D00492432 /* Products */,
			);
			sourceTree = "<group>";
		};
		554D9C6C235B390D00492432 /* Products */ = {
			isa = PBXGroup;
			children = (
				554D9C6B235B390D00492432 /* 00657131hww2.app */,
			);
			name = Products;
			sourceTree = "<group>";
		};
		554D9C6D235B390D00492432 /* 00657131hww2 */ = {
			isa = PBXGroup;
			children = (
				554D9C6E235B390D00492432 /* AppDelegate.swift */,
				554D9C70235B390D00492432 /* SceneDelegate.swift */,
				554D9C75235B390D00492432 /* ContentView.swift */,
				554D9C77235B391200492432 /* Assets.xcassets */,
				554D9C7C235B391200492432 /* LaunchScreen.storyboard */,
				554D9C7F235B391200492432 /* Info.plist */,
				554D9C72235B390D00492432 /* _0657131hww2.xcdatamodeld */,
				554D9C79235B391200492432 /* Preview Content */,
			);
			path = 00657131hww2;
			sourceTree = "<group>";
		};
		554D9C79235B391200492432 /* Preview Content */ = {
			isa = PBXGroup;
			children = (
				554D9C7A235B391200492432 /* Preview Assets.xcassets */,
			);
			path = "Preview Content";
			sourceTree = "<group>";
		};
/* End PBXGroup section */

/* Begin PBXNativeTarget section */
		554D9C6A235B390D00492432 /* 00657131hww2 */ = {
			isa = PBXNativeTarget;
			buildConfigurationList = 554D9C82235B391200492432 /* Build configuration list for PBXNativeTarget "00657131hww2" */;
			buildPhases = (
				554D9C67235B390D00492432 /* Sources */,
				554D9C68235B390D00492432 /* Frameworks */,
				554D9C69235B390D00492432 /* Resources */,
			);
			buildRules = (
			);
			dependencies = (
			);
			name = 00657131hww2;
			productName = 00657131hww2;
			productReference = 554D9C6B235B390D00492432 /* 00657131hww2.app */;
			productType = "com.apple.product-type.application";
		};
/* End PBXNativeTarget section */

/* Begin PBXProject section */
		554D9C63235B390D00492432 /* Project object */ = {
			isa = PBXProject;
			attributes = {
				LastSwiftUpdateCheck = 1110;
				LastUpgradeCheck = 1110;
				ORGANIZATIONNAME = ntou;
				TargetAttributes = {
					554D9C6A235B390D00492432 = {
						CreatedOnToolsVersion = 11.1;
					};
				};
			};
			buildConfigurationList = 554D9C66235B390D00492432 /* Build configuration list for PBXProject "00657131hww2" */;
			compatibilityVersion = "Xcode 9.3";
			developmentRegion = en;
			hasScannedForEncodings = 0;
			knownRegions = (
				en,
				Base,
			);
			mainGroup = 554D9C62235B390D00492432;
			productRefGroup = 554D9C6C235B390D00492432 /* Products */;
			projectDirPath = "";
			projectRoot = "";
			targets = (
				554D9C6A235B390D00492432 /* 00657131hww2 */,
			);
		};
/* End PBXProject section */

/* Begin PBXResourcesBuildPhase section */
		554D9C69235B390D00492432 /* Resources */ = {
			isa = PBXResourcesBuildPhase;
			buildActionMask = 2147483647;
			files = (
				554D9C7E235B391200492432 /* LaunchScreen.storyboard in Resources */,
				554D9C7B235B391200492432 /* Preview Assets.xcassets in Resources */,
				554D9C78235B391200492432 /* Assets.xcassets in Resources */,
			);
			runOnlyForDeploymentPostprocessing = 0;
		};
/* End PBXResourcesBuildPhase section */

/* Begin PBXSourcesBuildPhase section */
		554D9C67235B390D00492432 /* Sources */ = {
			isa = PBXSourcesBuildPhase;
			buildActionMask = 2147483647;
			files = (
				554D9C74235B390D00492432 /* _0657131hww2.xcdatamodeld in Sources */,
				554D9C6F235B390D00492432 /* AppDelegate.swift in Sources */,
				554D9C76235B390D00492432 /* ContentView.swift in Sources */,
				554D9C71235B390D00492432 /* SceneDelegate.swift in Sources */,
			);
			runOnlyForDeploymentPostprocessing = 0;
		};
/* End PBXSourcesBuildPhase section */

/* Begin PBXVariantGroup section */
		554D9C7C235B391200492432 /* LaunchScreen.storyboard */ = {
			isa = PBXVariantGroup;
			children = (
				554D9C7D235B391200492432 /* Base */,
			);
			name = LaunchScreen.storyboard;
			sourceTree = "<group>";
		};
/* End PBXVariantGroup section */

/* Begin XCBuildConfiguration section */
		554D9C80235B391200492432 /* Debug */ = {
			isa = XCBuildConfiguration;
			buildSettings = {
				ALWAYS_SEARCH_USER_PATHS = NO;
				CLANG_ANALYZER_NONNULL = YES;
				CLANG_ANALYZER_NUMBER_OBJECT_CONVERSION = YES_AGGRESSIVE;
				CLANG_CXX_LANGUAGE_STANDARD = "gnu++14";
				CLANG_CXX_LIBRARY = "libc++";
				CLANG_ENABLE_MODULES = YES;
				CLANG_ENABLE_OBJC_ARC = YES;
				CLANG_ENABLE_OBJC_WEAK = YES;
				CLANG_WARN_BLOCK_CAPTURE_AUTORELEASING = YES;
				CLANG_WARN_BOOL_CONVERSION = YES;
				CLANG_WARN_COMMA = YES;
				CLANG_WARN_CONSTANT_CONVERSION = YES;
				CLANG_WARN_DEPRECATED_OBJC_IMPLEMENTATIONS = YES;
				CLANG_WARN_DIRECT_OBJC_ISA_USAGE = YES_ERROR;
				CLANG_WARN_DOCUMENTATION_COMMENTS = YES;
				CLANG_WARN_EMPTY_BODY = YES;
				CLANG_WARN_ENUM_CONVERSION = YES;
				CLANG_WARN_INFINITE_RECURSION = YES;
				CLANG_WARN_INT_CONVERSION = YES;
				CLANG_WARN_NON_LITERAL_NULL_CONVERSION = YES;
				CLANG_WARN_OBJC_IMPLICIT_RETAIN_SELF = YES;
				CLANG_WARN_OBJC_LITERAL_CONVERSION = YES;
				CLANG_WARN_OBJC_ROOT_CLASS = YES_ERROR;
				CLANG_WARN_RANGE_LOOP_ANALYSIS = YES;
				CLANG_WARN_STRICT_PROTOTYPES = YES;
				CLANG_WARN_SUSPICIOUS_MOVE = YES;
				CLANG_WARN_UNGUARDED_AVAILABILITY = YES_AGGRESSIVE;
				CLANG_WARN_UNREACHABLE_CODE = YES;
				CLANG_WARN__DUPLICATE_METHOD_MATCH = YES;
				COPY_PHASE_STRIP = NO;
				DEBUG_INFORMATION_FORMAT = dwarf;
				ENABLE_STRICT_OBJC_MSGSEND = YES;
				ENABLE_TESTABILITY = YES;
				GCC_C_LANGUAGE_STANDARD = gnu11;
				GCC_DYNAMIC_NO_PIC = NO;
				GCC_NO_COMMON_BLOCKS = YES;
				GCC_OPTIMIZATION_LEVEL = 0;
				GCC_PREPROCESSOR_DEFINITIONS = (
					"DEBUG=1",
					"$(inherited)",
				);
				GCC_WARN_64_TO_32_BIT_CONVERSION = YES;
				GCC_WARN_ABOUT_RETURN_TYPE = YES_ERROR;
				GCC_WARN_UNDECLARED_SELECTOR = YES;
				GCC_WARN_UNINITIALIZED_AUTOS = YES_AGGRESSIVE;
				GCC_WARN_UNUSED_FUNCTION = YES;
				GCC_WARN_UNUSED_VARIABLE = YES;
				IPHONEOS_DEPLOYMENT_TARGET = 13.1;
				MTL_ENABLE_DEBUG_INFO = INCLUDE_SOURCE;
				MTL_FAST_MATH = YES;
				ONLY_ACTIVE_ARCH = YES;
				SDKROOT = iphoneos;
				SWIFT_ACTIVE_COMPILATION_CONDITIONS = DEBUG;
				SWIFT_OPTIMIZATION_LEVEL = "-Onone";
			};
			name = Debug;
		};
		554D9C81235B391200492432 /* Release */ = {
			isa = XCBuildConfiguration;
			buildSettings = {
				ALWAYS_SEARCH_USER_PATHS = NO;
				CLANG_ANALYZER_NONNULL = YES;
				CLANG_ANALYZER_NUMBER_OBJECT_CONVERSION = YES_AGGRESSIVE;
				CLANG_CXX_LANGUAGE_STANDARD = "gnu++14";
				CLANG_CXX_LIBRARY = "libc++";
				CLANG_ENABLE_MODULES = YES;
				CLANG_ENABLE_OBJC_ARC = YES;
				CLANG_ENABLE_OBJC_WEAK = YES;
				CLANG_WARN_BLOCK_CAPTURE_AUTORELEASING = YES;
				CLANG_WARN_BOOL_CONVERSION = YES;
				CLANG_WARN_COMMA = YES;
				CLANG_WARN_CONSTANT_CONVERSION = YES;
				CLANG_WARN_DEPRECATED_OBJC_IMPLEMENTATIONS = YES;
				CLANG_WARN_DIRECT_OBJC_ISA_USAGE = YES_ERROR;
				CLANG_WARN_DOCUMENTATION_COMMENTS = YES;
				CLANG_WARN_EMPTY_BODY = YES;
				CLANG_WARN_ENUM_CONVERSION = YES;
				CLANG_WARN_INFINITE_RECURSION = YES;
				CLANG_WARN_INT_CONVERSION = YES;
				CLANG_WARN_NON_LITERAL_NULL_CONVERSION = YES;
				CLANG_WARN_OBJC_IMPLICIT_RETAIN_SELF = YES;
				CLANG_WARN_OBJC_LITERAL_CONVERSION = YES;
				CLANG_WARN_OBJC_ROOT_CLASS = YES_ERROR;
				CLANG_WARN_RANGE_LOOP_ANALYSIS = YES;
				CLANG_WARN_STRICT_PROTOTYPES = YES;
				CLANG_WARN_SUSPICIOUS_MOVE = YES;
				CLANG_WARN_UNGUARDED_AVAILABILITY = YES_AGGRESSIVE;
				CLANG_WARN_UNREACHABLE_CODE = YES;
				CLANG_WARN__DUPLICATE_METHOD_MATCH = YES;
				COPY_PHASE_STRIP = NO;
				DEBUG_INFORMATION_FORMAT = "dwarf-with-dsym";
				ENABLE_NS_ASSERTIONS = NO;
				ENABLE_STRICT_OBJC_MSGSEND = YES;
				GCC_C_LANGUAGE_STANDARD = gnu11;
				GCC_NO_COMMON_BLOCKS = YES;
				GCC_WARN_64_TO_32_BIT_CONVERSION = YES;
				GCC_WARN_ABOUT_RETURN_TYPE = YES_ERROR;
				GCC_WARN_UNDECLARED_SELECTOR = YES;
				GCC_WARN_UNINITIALIZED_AUTOS = YES_AGGRESSIVE;
				GCC_WARN_UNUSED_FUNCTION = YES;
				GCC_WARN_UNUSED_VARIABLE = YES;
				IPHONEOS_DEPLOYMENT_TARGET = 13.1;
				MTL_ENABLE_DEBUG_INFO = NO;
				MTL_FAST_MATH = YES;
				SDKROOT = iphoneos;
				SWIFT_COMPILATION_MODE = wholemodule;
				SWIFT_OPTIMIZATION_LEVEL = "-O";
				VALIDATE_PRODUCT = YES;
			};
			name = Release;
		};
		554D9C83235B391200492432 /* Debug */ = {
			isa = XCBuildConfiguration;
			buildSettings = {
				ASSETCATALOG_COMPILER_APPICON_NAME = AppIcon;
				CODE_SIGN_STYLE = Automatic;
				DEVELOPMENT_ASSET_PATHS = "\"00657131hww2/Preview Content\"";
				ENABLE_PREVIEWS = YES;
				INFOPLIST_FILE = 00657131hww2/Info.plist;
				LD_RUNPATH_SEARCH_PATHS = (
					"$(inherited)",
					"@executable_path/Frameworks",
				);
				PRODUCT_BUNDLE_IDENTIFIER = "alice.-0657131hww2";
				PRODUCT_NAME = "$(TARGET_NAME)";
				SWIFT_VERSION = 5.0;
				TARGETED_DEVICE_FAMILY = "1,2";
			};
			name = Debug;
		};
		554D9C84235B391200492432 /* Release */ = {
			isa = XCBuildConfiguration;
			buildSettings = {
				ASSETCATALOG_COMPILER_APPICON_NAME = AppIcon;
				CODE_SIGN_STYLE = Automatic;
				DEVELOPMENT_ASSET_PATHS = "\"00657131hww2/Preview Content\"";
				ENABLE_PREVIEWS = YES;
				INFOPLIST_FILE = 00657131hww2/Info.plist;
				LD_RUNPATH_SEARCH_PATHS = (
					"$(inherited)",
					"@executable_path/Frameworks",
				);
				PRODUCT_BUNDLE_IDENTIFIER = "alice.-0657131hww2";
				PRODUCT_NAME = "$(TARGET_NAME)";
				SWIFT_VERSION = 5.0;
				TARGETED_DEVICE_FAMILY = "1,2";
			};
			name = Release;
		};
/* End XCBuildConfiguration section */

/* Begin XCConfigurationList section */
		554D9C66235B390D00492432 /* Build configuration list for PBXProject "00657131hww2" */ = {
			isa = XCConfigurationList;
			buildConfigurations = (
				554D9C80235B391200492432 /* Debug */,
				554D9C81235B391200492432 /* Release */,
			);
			defaultConfigurationIsVisible = 0;
			defaultConfigurationName = Release;
		};
		554D9C82235B391200492432 /* Build configuration list for PBXNativeTarget "00657131hww2" */ = {
			isa = XCConfigurationList;
			buildConfigurations = (
				554D9C83235B391200492432 /* Debug */,
				554D9C84235B391200492432 /* Release */,
			);
			defaultConfigurationIsVisible = 0;
			defaultConfigurationName = Release;
		};
/* End XCConfigurationList section */

/* Begin XCVersionGroup section */
		554D9C72235B390D00492432 /* _0657131hww2.xcdatamodeld */ = {
			isa = XCVersionGroup;
			children = (
				554D9C73235B390D00492432 /* _0657131hww2.xcdatamodel */,
			);
			currentVersion = 554D9C73235B390D00492432 /* _0657131hww2.xcdatamodel */;
			path = _0657131hww2.xcdatamodeld;
			sourceTree = "<group>";
			versionGroupType = wrapper.xcdatamodel;
		};
/* End XCVersionGroup section */
	};
	rootObject = 554D9C63235B390D00492432 /* Project object */;
}
